
Microsoft Visual Studio Solution File, Format Version 12.00
# Visual Studio Version 17
VisualStudioVersion = 17.6.33815.320
MinimumVisualStudioVersion = 10.0.40219.1
Project("{FAE04EC0-301F-11D3-BF4B-00C04F79EFBC}") = "Dice Roller Lab", "Dice Roller Lab\Dice Roller Lab.csproj", "{F1F0F40F-1A08-4B02-9DA3-A2D061E877C1}"
EndProject
Global
	GlobalSection(SolutionConfigurationPlatforms) = preSolution
		Debug|Any CPU = Debug|Any CPU
		Release|Any CPU = Release|Any CPU
	EndGlobalSection
	GlobalSection(ProjectConfigurationPlatforms) = postSolution
		{F1F0F40F-1A08-4B02-9DA3-A2D061E877C1}.Debug|Any CPU.ActiveCfg = Debug|Any CPU
		{F1F0F40F-1A08-4B02-9DA3-A2D061E877C1}.Debug|Any CPU.Build.0 = Debug|Any CPU
		{F1F0F40F-1A08-4B02-9DA3-A2D061E877C1}.Release|Any CPU.ActiveCfg = Release|Any CPU
		{F1F0F40F-1A08-4B02-9DA3-A2D061E877C1}.Release|Any CPU.Build.0 = Release|Any CPU
	EndGlobalSection
	GlobalSection(SolutionProperties) = preSolution
		HideSolutionNode = FALSE
	EndGlobalSection
	GlobalSection(ExtensibilityGlobals) = postSolution
		SolutionGuid = {8D7F429E-C491-4CE5-96CC-1B64D1B2B82D}
	EndGlobalSection
EndGlobal
